{
  "name": "features",
  "lockfileVersion": 3,
  "requires": true,
  "packages": {
    "": {
      "dependencies": {
        "axe-core": "^4.9.0",
        "axe-reports": "^1.1.11"
      }
    },
    "node_modules/axe-core": {
      "version": "4.9.0",
      "resolved": "https://registry.npmjs.org/axe-core/-/axe-core-4.9.0.tgz",
      "integrity": "sha512-H5orY+M2Fr56DWmMFpMrq5Ge93qjNdPVqzBv5gWK3aD1OvjBEJlEzxf09z93dGVQeI0LiW+aCMIx1QtShC/zUw==",
      "engines": {
        "node": ">=4"
      }
    },
    "node_modules/axe-reports": {
      "version": "1.1.11",
      "resolved": "https://registry.npmjs.org/axe-reports/-/axe-reports-1.1.11.tgz",
      "integrity": "sha512-sXBP3ytd7Nihmge60EYIT8oH0vKyc25ENIQ+fKpbuNe0s4Y5VpPSfxKqCtiYlcr68B1ZA7ysk85CTDC69p5IpQ=="
    }
  }
}
